
Microsoft Visual Studio Solution File, Format Version 12.00
# Visual Studio Version 17
VisualStudioVersion = 17.0.31919.166
MinimumVisualStudioVersion = 10.0.40219.1
Project("{9A19103F-16F7-4668-BE54-9A1E7A4F7556}") = "PrimeNumber", "PrimeNumber\PrimeNumber.csproj", "{EE78B41B-684D-4A95-B2A4-9BA42A3E8B4E}"
EndProject
Project("{9A19103F-16F7-4668-BE54-9A1E7A4F7556}") = "ParseFormula", "ParseFormula\ParseFormula.csproj", "{969D4F73-5B19-495B-AED6-0E2E45B24535}"
EndProject
Project("{9A19103F-16F7-4668-BE54-9A1E7A4F7556}") = "Integral", "Integral\Integral.csproj", "{7A681FF1-AB83-44D6-AC86-1689DDDB9D38}"
EndProject
Project("{FAE04EC0-301F-11D3-BF4B-00C04F79EFBC}") = "Transport", "Transport\Transport.csproj", "{942E73B8-4FC1-400E-9CEE-8E31C02145B2}"
EndProject
Global
	GlobalSection(SolutionConfigurationPlatforms) = preSolution
		Debug|Any CPU = Debug|Any CPU
		Release|Any CPU = Release|Any CPU
	EndGlobalSection
	GlobalSection(ProjectConfigurationPlatforms) = postSolution
		{EE78B41B-684D-4A95-B2A4-9BA42A3E8B4E}.Debug|Any CPU.ActiveCfg = Debug|Any CPU
		{EE78B41B-684D-4A95-B2A4-9BA42A3E8B4E}.Debug|Any CPU.Build.0 = Debug|Any CPU
		{EE78B41B-684D-4A95-B2A4-9BA42A3E8B4E}.Release|Any CPU.ActiveCfg = Release|Any CPU
		{EE78B41B-684D-4A95-B2A4-9BA42A3E8B4E}.Release|Any CPU.Build.0 = Release|Any CPU
		{969D4F73-5B19-495B-AED6-0E2E45B24535}.Debug|Any CPU.ActiveCfg = Debug|Any CPU
		{969D4F73-5B19-495B-AED6-0E2E45B24535}.Debug|Any CPU.Build.0 = Debug|Any CPU
		{969D4F73-5B19-495B-AED6-0E2E45B24535}.Release|Any CPU.ActiveCfg = Release|Any CPU
		{969D4F73-5B19-495B-AED6-0E2E45B24535}.Release|Any CPU.Build.0 = Release|Any CPU
		{7A681FF1-AB83-44D6-AC86-1689DDDB9D38}.Debug|Any CPU.ActiveCfg = Debug|Any CPU
		{7A681FF1-AB83-44D6-AC86-1689DDDB9D38}.Debug|Any CPU.Build.0 = Debug|Any CPU
		{7A681FF1-AB83-44D6-AC86-1689DDDB9D38}.Release|Any CPU.ActiveCfg = Release|Any CPU
		{7A681FF1-AB83-44D6-AC86-1689DDDB9D38}.Release|Any CPU.Build.0 = Release|Any CPU
		{942E73B8-4FC1-400E-9CEE-8E31C02145B2}.Debug|Any CPU.ActiveCfg = Debug|Any CPU
		{942E73B8-4FC1-400E-9CEE-8E31C02145B2}.Debug|Any CPU.Build.0 = Debug|Any CPU
		{942E73B8-4FC1-400E-9CEE-8E31C02145B2}.Release|Any CPU.ActiveCfg = Release|Any CPU
		{942E73B8-4FC1-400E-9CEE-8E31C02145B2}.Release|Any CPU.Build.0 = Release|Any CPU
	EndGlobalSection
	GlobalSection(SolutionProperties) = preSolution
		HideSolutionNode = FALSE
	EndGlobalSection
	GlobalSection(ExtensibilityGlobals) = postSolution
		SolutionGuid = {18F9DA98-108D-43B0-B19C-8261467987DB}
	EndGlobalSection
EndGlobal
