
Microsoft Visual Studio Solution File, Format Version 12.00
# Visual Studio Version 17
VisualStudioVersion = 17.0.31919.166
MinimumVisualStudioVersion = 10.0.40219.1
Project("{9A19103F-16F7-4668-BE54-9A1E7A4F7556}") = "PrimeNumber", "PrimeNumber\PrimeNumber.csproj", "{EE78B41B-684D-4A95-B2A4-9BA42A3E8B4E}"
EndProject
Project("{9A19103F-16F7-4668-BE54-9A1E7A4F7556}") = "ParseFormula", "ParseFormula\ParseFormula.csproj", "{969D4F73-5B19-495B-AED6-0E2E45B24535}"
EndProject
Project("{9A19103F-16F7-4668-BE54-9A1E7A4F7556}") = "Integral", "Integral\Integral.csproj", "{7A681FF1-AB83-44D6-AC86-1689DDDB9D38}"
EndProject
Project("{9A19103F-16F7-4668-BE54-9A1E7A4F7556}") = "Sorting", "Sorting\Sorting.csproj", "{E34B9318-F383-46C0-9C58-9CADAA3E7BAE}"
EndProject
Project("{9A19103F-16F7-4668-BE54-9A1E7A4F7556}") = "Tests", "Tests\Tests.csproj", "{051CAB02-FDA2-4E51-BFF8-D9A42A8C203D}"
EndProject
Project("{FAE04EC0-301F-11D3-BF4B-00C04F79EFBC}") = "Transport", "Transport\Transport.csproj", "{92903CF7-65C0-4954-ABCF-CC5C5A5D2ADE}"
EndProject
Global
	GlobalSection(SolutionConfigurationPlatforms) = preSolution
		Debug|Any CPU = Debug|Any CPU
		Release|Any CPU = Release|Any CPU
	EndGlobalSection
	GlobalSection(ProjectConfigurationPlatforms) = postSolution
		{EE78B41B-684D-4A95-B2A4-9BA42A3E8B4E}.Debug|Any CPU.ActiveCfg = Debug|Any CPU
		{EE78B41B-684D-4A95-B2A4-9BA42A3E8B4E}.Debug|Any CPU.Build.0 = Debug|Any CPU
		{EE78B41B-684D-4A95-B2A4-9BA42A3E8B4E}.Release|Any CPU.ActiveCfg = Release|Any CPU
		{EE78B41B-684D-4A95-B2A4-9BA42A3E8B4E}.Release|Any CPU.Build.0 = Release|Any CPU
		{969D4F73-5B19-495B-AED6-0E2E45B24535}.Debug|Any CPU.ActiveCfg = Debug|Any CPU
		{969D4F73-5B19-495B-AED6-0E2E45B24535}.Debug|Any CPU.Build.0 = Debug|Any CPU
		{969D4F73-5B19-495B-AED6-0E2E45B24535}.Release|Any CPU.ActiveCfg = Release|Any CPU
		{969D4F73-5B19-495B-AED6-0E2E45B24535}.Release|Any CPU.Build.0 = Release|Any CPU
		{7A681FF1-AB83-44D6-AC86-1689DDDB9D38}.Debug|Any CPU.ActiveCfg = Debug|Any CPU
		{7A681FF1-AB83-44D6-AC86-1689DDDB9D38}.Debug|Any CPU.Build.0 = Debug|Any CPU
		{7A681FF1-AB83-44D6-AC86-1689DDDB9D38}.Release|Any CPU.ActiveCfg = Release|Any CPU
		{7A681FF1-AB83-44D6-AC86-1689DDDB9D38}.Release|Any CPU.Build.0 = Release|Any CPU
		{E34B9318-F383-46C0-9C58-9CADAA3E7BAE}.Debug|Any CPU.ActiveCfg = Debug|Any CPU
		{E34B9318-F383-46C0-9C58-9CADAA3E7BAE}.Debug|Any CPU.Build.0 = Debug|Any CPU
		{E34B9318-F383-46C0-9C58-9CADAA3E7BAE}.Release|Any CPU.ActiveCfg = Release|Any CPU
		{E34B9318-F383-46C0-9C58-9CADAA3E7BAE}.Release|Any CPU.Build.0 = Release|Any CPU
		{051CAB02-FDA2-4E51-BFF8-D9A42A8C203D}.Debug|Any CPU.ActiveCfg = Debug|Any CPU
		{051CAB02-FDA2-4E51-BFF8-D9A42A8C203D}.Debug|Any CPU.Build.0 = Debug|Any CPU
		{051CAB02-FDA2-4E51-BFF8-D9A42A8C203D}.Release|Any CPU.ActiveCfg = Release|Any CPU
		{051CAB02-FDA2-4E51-BFF8-D9A42A8C203D}.Release|Any CPU.Build.0 = Release|Any CPU
		{92903CF7-65C0-4954-ABCF-CC5C5A5D2ADE}.Debug|Any CPU.ActiveCfg = Debug|Any CPU
		{92903CF7-65C0-4954-ABCF-CC5C5A5D2ADE}.Debug|Any CPU.Build.0 = Debug|Any CPU
		{92903CF7-65C0-4954-ABCF-CC5C5A5D2ADE}.Release|Any CPU.ActiveCfg = Release|Any CPU
		{92903CF7-65C0-4954-ABCF-CC5C5A5D2ADE}.Release|Any CPU.Build.0 = Release|Any CPU
	EndGlobalSection
	GlobalSection(SolutionProperties) = preSolution
		HideSolutionNode = FALSE
	EndGlobalSection
	GlobalSection(ExtensibilityGlobals) = postSolution
		SolutionGuid = {18F9DA98-108D-43B0-B19C-8261467987DB}
	EndGlobalSection
EndGlobal
